
Microsoft Visual Studio Solution File, Format Version 12.00
# Visual Studio Version 17
VisualStudioVersion = 17.11.35431.28
MinimumVisualStudioVersion = 10.0.40219.1
Project("{FAE04EC0-301F-11D3-BF4B-00C04F79EFBC}") = "TaskManagementApp.Api", "TaskManagementApp.Api\TaskManagementApp.Api.csproj", "{66E88AFE-8C20-4AB6-B080-8C44CB21F3D8}"
EndProject
Global
	GlobalSection(SolutionConfigurationPlatforms) = preSolution
		Debug|Any CPU = Debug|Any CPU
		Release|Any CPU = Release|Any CPU
	EndGlobalSection
	GlobalSection(ProjectConfigurationPlatforms) = postSolution
		{66E88AFE-8C20-4AB6-B080-8C44CB21F3D8}.Debug|Any CPU.ActiveCfg = Debug|Any CPU
		{66E88AFE-8C20-4AB6-B080-8C44CB21F3D8}.Debug|Any CPU.Build.0 = Debug|Any CPU
		{66E88AFE-8C20-4AB6-B080-8C44CB21F3D8}.Release|Any CPU.ActiveCfg = Release|Any CPU
		{66E88AFE-8C20-4AB6-B080-8C44CB21F3D8}.Release|Any CPU.Build.0 = Release|Any CPU
	EndGlobalSection
	GlobalSection(SolutionProperties) = preSolution
		HideSolutionNode = FALSE
	EndGlobalSection
	GlobalSection(ExtensibilityGlobals) = postSolution
		SolutionGuid = {A29426B5-C0FE-4129-808B-F7B0A6F3B3DA}
	EndGlobalSection
EndGlobal
